// !$*UTF8*$!
{
	archiveVersion = 1;
	classes = {
	};
	objectVersion = 50;
	objects = {

/* Begin PBXBuildFile section */
		B71CF48121AC6441007E87F1 /* P63ScheduleCell.m in Sources */ = {isa = PBXBuildFile; fileRef = B71CF48021AC6441007E87F1 /* P63ScheduleCell.m */; };
		B71CF48421AC6E75007E87F1 /* P63Place.m in Sources */ = {isa = PBXBuildFile; fileRef = B71CF48321AC6E75007E87F1 /* P63Place.m */; };
		B71CF48721AC704E007E87F1 /* P63ManagePlaceViewController.m in Sources */ = {isa = PBXBuildFile; fileRef = B71CF48621AC704E007E87F1 /* P63ManagePlaceViewController.m */; };
		B71CF48A21AC7FF1007E87F1 /* P63PlaceCell.m in Sources */ = {isa = PBXBuildFile; fileRef = B71CF48921AC7FF1007E87F1 /* P63PlaceCell.m */; };
		B756165621ABB3B6005E7BFF /* P63CreateScheduleViewController.m in Sources */ = {isa = PBXBuildFile; fileRef = B756165521ABB3B6005E7BFF /* P63CreateScheduleViewController.m */; };
		B756165921ABBA64005E7BFF /* P63CreateScheduleCell.m in Sources */ = {isa = PBXBuildFile; fileRef = B756165821ABBA64005E7BFF /* P63CreateScheduleCell.m */; };
		B756165C21AC0783005E7BFF /* P63Schedule.m in Sources */ = {isa = PBXBuildFile; fileRef = B756165B21AC0783005E7BFF /* P63Schedule.m */; };
		B756165F21AC110E005E7BFF /* P63UserInfo.m in Sources */ = {isa = PBXBuildFile; fileRef = B756165E21AC110E005E7BFF /* P63UserInfo.m */; };
		B756166421AC2023005E7BFF /* P63CreateScheduleNotificationViewController.m in Sources */ = {isa = PBXBuildFile; fileRef = B756166321AC2023005E7BFF /* P63CreateScheduleNotificationViewController.m */; };
		B756166721AC3FB7005E7BFF /* P63CreateScheduleNavigationViewController.m in Sources */ = {isa = PBXBuildFile; fileRef = B756166621AC3FB7005E7BFF /* P63CreateScheduleNavigationViewController.m */; };
		B756166A21AC41CB005E7BFF /* P63ManageScheduleViewController.m in Sources */ = {isa = PBXBuildFile; fileRef = B756166921AC41CB005E7BFF /* P63ManageScheduleViewController.m */; };
		B75ED23021AA9DA80037B1E6 /* P63Newsfeed.m in Sources */ = {isa = PBXBuildFile; fileRef = B75ED22F21AA9DA80037B1E6 /* P63Newsfeed.m */; };
		B75ED23321AAA2260037B1E6 /* P63SampleDataPool.m in Sources */ = {isa = PBXBuildFile; fileRef = B75ED23221AAA2260037B1E6 /* P63SampleDataPool.m */; };
		B75ED23621AAAA5F0037B1E6 /* P63NewsfeedCell.m in Sources */ = {isa = PBXBuildFile; fileRef = B75ED23521AAAA5F0037B1E6 /* P63NewsfeedCell.m */; };
		B77C972421A55437005F173C /* AppDelegate.m in Sources */ = {isa = PBXBuildFile; fileRef = B77C972321A55437005F173C /* AppDelegate.m */; };
		B77C972721A55437005F173C /* P63NewsfeedViewController.m in Sources */ = {isa = PBXBuildFile; fileRef = B77C972621A55437005F173C /* P63NewsfeedViewController.m */; };
		B77C972A21A55437005F173C /* Main.storyboard in Resources */ = {isa = PBXBuildFile; fileRef = B77C972821A55437005F173C /* Main.storyboard */; };
		B77C972C21A55438005F173C /* Assets.xcassets in Resources */ = {isa = PBXBuildFile; fileRef = B77C972B21A55438005F173C /* Assets.xcassets */; };
		B77C972F21A55438005F173C /* LaunchScreen.storyboard in Resources */ = {isa = PBXBuildFile; fileRef = B77C972D21A55438005F173C /* LaunchScreen.storyboard */; };
		B77C973221A55438005F173C /* main.m in Sources */ = {isa = PBXBuildFile; fileRef = B77C973121A55438005F173C /* main.m */; };
		B77C973D21A55B30005F173C /* P63TabBarController.m in Sources */ = {isa = PBXBuildFile; fileRef = B77C973C21A55B30005F173C /* P63TabBarController.m */; };
/* End PBXBuildFile section */

/* Begin PBXFileReference section */
		B71CF47F21AC6441007E87F1 /* P63ScheduleCell.h */ = {isa = PBXFileReference; lastKnownFileType = sourcecode.c.h; path = P63ScheduleCell.h; sourceTree = "<group>"; };
		B71CF48021AC6441007E87F1 /* P63ScheduleCell.m */ = {isa = PBXFileReference; lastKnownFileType = sourcecode.c.objc; path = P63ScheduleCell.m; sourceTree = "<group>"; };
		B71CF48221AC6E75007E87F1 /* P63Place.h */ = {isa = PBXFileReference; lastKnownFileType = sourcecode.c.h; path = P63Place.h; sourceTree = "<group>"; };
		B71CF48321AC6E75007E87F1 /* P63Place.m */ = {isa = PBXFileReference; lastKnownFileType = sourcecode.c.objc; path = P63Place.m; sourceTree = "<group>"; };
		B71CF48521AC704E007E87F1 /* P63ManagePlaceViewController.h */ = {isa = PBXFileReference; lastKnownFileType = sourcecode.c.h; path = P63ManagePlaceViewController.h; sourceTree = "<group>"; };
		B71CF48621AC704E007E87F1 /* P63ManagePlaceViewController.m */ = {isa = PBXFileReference; lastKnownFileType = sourcecode.c.objc; path = P63ManagePlaceViewController.m; sourceTree = "<group>"; };
		B71CF48821AC7FF1007E87F1 /* P63PlaceCell.h */ = {isa = PBXFileReference; lastKnownFileType = sourcecode.c.h; path = P63PlaceCell.h; sourceTree = "<group>"; };
		B71CF48921AC7FF1007E87F1 /* P63PlaceCell.m */ = {isa = PBXFileReference; lastKnownFileType = sourcecode.c.objc; path = P63PlaceCell.m; sourceTree = "<group>"; };
		B756165421ABB3B6005E7BFF /* P63CreateScheduleViewController.h */ = {isa = PBXFileReference; lastKnownFileType = sourcecode.c.h; path = P63CreateScheduleViewController.h; sourceTree = "<group>"; };
		B756165521ABB3B6005E7BFF /* P63CreateScheduleViewController.m */ = {isa = PBXFileReference; lastKnownFileType = sourcecode.c.objc; path = P63CreateScheduleViewController.m; sourceTree = "<group>"; };
		B756165721ABBA64005E7BFF /* P63CreateScheduleCell.h */ = {isa = PBXFileReference; lastKnownFileType = sourcecode.c.h; path = P63CreateScheduleCell.h; sourceTree = "<group>"; };
		B756165821ABBA64005E7BFF /* P63CreateScheduleCell.m */ = {isa = PBXFileReference; lastKnownFileType = sourcecode.c.objc; path = P63CreateScheduleCell.m; sourceTree = "<group>"; };
		B756165A21AC0783005E7BFF /* P63Schedule.h */ = {isa = PBXFileReference; lastKnownFileType = sourcecode.c.h; path = P63Schedule.h; sourceTree = "<group>"; };
		B756165B21AC0783005E7BFF /* P63Schedule.m */ = {isa = PBXFileReference; lastKnownFileType = sourcecode.c.objc; path = P63Schedule.m; sourceTree = "<group>"; };
		B756165D21AC110E005E7BFF /* P63UserInfo.h */ = {isa = PBXFileReference; lastKnownFileType = sourcecode.c.h; path = P63UserInfo.h; sourceTree = "<group>"; };
		B756165E21AC110E005E7BFF /* P63UserInfo.m */ = {isa = PBXFileReference; lastKnownFileType = sourcecode.c.objc; path = P63UserInfo.m; sourceTree = "<group>"; };
		B756166221AC2023005E7BFF /* P63CreateScheduleNotificationViewController.h */ = {isa = PBXFileReference; lastKnownFileType = sourcecode.c.h; path = P63CreateScheduleNotificationViewController.h; sourceTree = "<group>"; };
		B756166321AC2023005E7BFF /* P63CreateScheduleNotificationViewController.m */ = {isa = PBXFileReference; lastKnownFileType = sourcecode.c.objc; path = P63CreateScheduleNotificationViewController.m; sourceTree = "<group>"; };
		B756166521AC3FB7005E7BFF /* P63CreateScheduleNavigationViewController.h */ = {isa = PBXFileReference; lastKnownFileType = sourcecode.c.h; path = P63CreateScheduleNavigationViewController.h; sourceTree = "<group>"; };
		B756166621AC3FB7005E7BFF /* P63CreateScheduleNavigationViewController.m */ = {isa = PBXFileReference; lastKnownFileType = sourcecode.c.objc; path = P63CreateScheduleNavigationViewController.m; sourceTree = "<group>"; };
		B756166821AC41CB005E7BFF /* P63ManageScheduleViewController.h */ = {isa = PBXFileReference; lastKnownFileType = sourcecode.c.h; path = P63ManageScheduleViewController.h; sourceTree = "<group>"; };
		B756166921AC41CB005E7BFF /* P63ManageScheduleViewController.m */ = {isa = PBXFileReference; lastKnownFileType = sourcecode.c.objc; path = P63ManageScheduleViewController.m; sourceTree = "<group>"; };
		B75ED22E21AA9DA80037B1E6 /* P63Newsfeed.h */ = {isa = PBXFileReference; lastKnownFileType = sourcecode.c.h; path = P63Newsfeed.h; sourceTree = "<group>"; };
		B75ED22F21AA9DA80037B1E6 /* P63Newsfeed.m */ = {isa = PBXFileReference; lastKnownFileType = sourcecode.c.objc; path = P63Newsfeed.m; sourceTree = "<group>"; };
		B75ED23121AAA2260037B1E6 /* P63SampleDataPool.h */ = {isa = PBXFileReference; lastKnownFileType = sourcecode.c.h; path = P63SampleDataPool.h; sourceTree = "<group>"; };
		B75ED23221AAA2260037B1E6 /* P63SampleDataPool.m */ = {isa = PBXFileReference; lastKnownFileType = sourcecode.c.objc; path = P63SampleDataPool.m; sourceTree = "<group>"; };
		B75ED23421AAAA5F0037B1E6 /* P63NewsfeedCell.h */ = {isa = PBXFileReference; lastKnownFileType = sourcecode.c.h; path = P63NewsfeedCell.h; sourceTree = "<group>"; };
		B75ED23521AAAA5F0037B1E6 /* P63NewsfeedCell.m */ = {isa = PBXFileReference; lastKnownFileType = sourcecode.c.objc; path = P63NewsfeedCell.m; sourceTree = "<group>"; };
		B77C971F21A55437005F173C /* Phuot63.app */ = {isa = PBXFileReference; explicitFileType = wrapper.application; includeInIndex = 0; path = Phuot63.app; sourceTree = BUILT_PRODUCTS_DIR; };
		B77C972221A55437005F173C /* AppDelegate.h */ = {isa = PBXFileReference; lastKnownFileType = sourcecode.c.h; path = AppDelegate.h; sourceTree = "<group>"; };
		B77C972321A55437005F173C /* AppDelegate.m */ = {isa = PBXFileReference; lastKnownFileType = sourcecode.c.objc; path = AppDelegate.m; sourceTree = "<group>"; };
		B77C972521A55437005F173C /* P63NewsfeedViewController.h */ = {isa = PBXFileReference; lastKnownFileType = sourcecode.c.h; path = P63NewsfeedViewController.h; sourceTree = "<group>"; };
		B77C972621A55437005F173C /* P63NewsfeedViewController.m */ = {isa = PBXFileReference; lastKnownFileType = sourcecode.c.objc; path = P63NewsfeedViewController.m; sourceTree = "<group>"; };
		B77C972921A55437005F173C /* Base */ = {isa = PBXFileReference; lastKnownFileType = file.storyboard; name = Base; path = Base.lproj/Main.storyboard; sourceTree = "<group>"; };
		B77C972B21A55438005F173C /* Assets.xcassets */ = {isa = PBXFileReference; lastKnownFileType = folder.assetcatalog; path = Assets.xcassets; sourceTree = "<group>"; };
		B77C972E21A55438005F173C /* Base */ = {isa = PBXFileReference; lastKnownFileType = file.storyboard; name = Base; path = Base.lproj/LaunchScreen.storyboard; sourceTree = "<group>"; };
		B77C973021A55438005F173C /* Info.plist */ = {isa = PBXFileReference; lastKnownFileType = text.plist.xml; path = Info.plist; sourceTree = "<group>"; };
		B77C973121A55438005F173C /* main.m */ = {isa = PBXFileReference; lastKnownFileType = sourcecode.c.objc; path = main.m; sourceTree = "<group>"; };
		B77C973B21A55B30005F173C /* P63TabBarController.h */ = {isa = PBXFileReference; lastKnownFileType = sourcecode.c.h; path = P63TabBarController.h; sourceTree = "<group>"; };
		B77C973C21A55B30005F173C /* P63TabBarController.m */ = {isa = PBXFileReference; lastKnownFileType = sourcecode.c.objc; path = P63TabBarController.m; sourceTree = "<group>"; };
/* End PBXFileReference section */

/* Begin PBXFrameworksBuildPhase section */
		B77C971C21A55437005F173C /* Frameworks */ = {
			isa = PBXFrameworksBuildPhase;
			buildActionMask = 2147483647;
			files = (
			);
			runOnlyForDeploymentPostprocessing = 0;
		};
/* End PBXFrameworksBuildPhase section */

/* Begin PBXGroup section */
		B756166B21AC41D7005E7BFF /* Controllers */ = {
			isa = PBXGroup;
			children = (
				B77C972521A55437005F173C /* P63NewsfeedViewController.h */,
				B77C972621A55437005F173C /* P63NewsfeedViewController.m */,
				B77C973B21A55B30005F173C /* P63TabBarController.h */,
				B77C973C21A55B30005F173C /* P63TabBarController.m */,
				B756165421ABB3B6005E7BFF /* P63CreateScheduleViewController.h */,
				B756165521ABB3B6005E7BFF /* P63CreateScheduleViewController.m */,
				B756166221AC2023005E7BFF /* P63CreateScheduleNotificationViewController.h */,
				B756166321AC2023005E7BFF /* P63CreateScheduleNotificationViewController.m */,
				B756166521AC3FB7005E7BFF /* P63CreateScheduleNavigationViewController.h */,
				B756166621AC3FB7005E7BFF /* P63CreateScheduleNavigationViewController.m */,
				B756166821AC41CB005E7BFF /* P63ManageScheduleViewController.h */,
				B756166921AC41CB005E7BFF /* P63ManageScheduleViewController.m */,
				B71CF48521AC704E007E87F1 /* P63ManagePlaceViewController.h */,
				B71CF48621AC704E007E87F1 /* P63ManagePlaceViewController.m */,
			);
			path = Controllers;
			sourceTree = "<group>";
		};
		B756166C21AC41F4005E7BFF /* Views */ = {
			isa = PBXGroup;
			children = (
				B75ED23421AAAA5F0037B1E6 /* P63NewsfeedCell.h */,
				B75ED23521AAAA5F0037B1E6 /* P63NewsfeedCell.m */,
				B756165721ABBA64005E7BFF /* P63CreateScheduleCell.h */,
				B756165821ABBA64005E7BFF /* P63CreateScheduleCell.m */,
				B71CF47F21AC6441007E87F1 /* P63ScheduleCell.h */,
				B71CF48021AC6441007E87F1 /* P63ScheduleCell.m */,
				B71CF48821AC7FF1007E87F1 /* P63PlaceCell.h */,
				B71CF48921AC7FF1007E87F1 /* P63PlaceCell.m */,
			);
			path = Views;
			sourceTree = "<group>";
		};
		B756166D21AC4207005E7BFF /* Models */ = {
			isa = PBXGroup;
			children = (
				B756165D21AC110E005E7BFF /* P63UserInfo.h */,
				B756165E21AC110E005E7BFF /* P63UserInfo.m */,
				B75ED22E21AA9DA80037B1E6 /* P63Newsfeed.h */,
				B75ED22F21AA9DA80037B1E6 /* P63Newsfeed.m */,
				B75ED23121AAA2260037B1E6 /* P63SampleDataPool.h */,
				B75ED23221AAA2260037B1E6 /* P63SampleDataPool.m */,
				B756165A21AC0783005E7BFF /* P63Schedule.h */,
				B756165B21AC0783005E7BFF /* P63Schedule.m */,
				B71CF48221AC6E75007E87F1 /* P63Place.h */,
				B71CF48321AC6E75007E87F1 /* P63Place.m */,
			);
			path = Models;
			sourceTree = "<group>";
		};
		B77C971621A55437005F173C = {
			isa = PBXGroup;
			children = (
				B77C972121A55437005F173C /* Phuot63 */,
				B77C972021A55437005F173C /* Products */,
			);
			sourceTree = "<group>";
		};
		B77C972021A55437005F173C /* Products */ = {
			isa = PBXGroup;
			children = (
				B77C971F21A55437005F173C /* Phuot63.app */,
			);
			name = Products;
			sourceTree = "<group>";
		};
		B77C972121A55437005F173C /* Phuot63 */ = {
			isa = PBXGroup;
			children = (
				B756166D21AC4207005E7BFF /* Models */,
				B756166C21AC41F4005E7BFF /* Views */,
				B756166B21AC41D7005E7BFF /* Controllers */,
				B77C972221A55437005F173C /* AppDelegate.h */,
				B77C972321A55437005F173C /* AppDelegate.m */,
				B77C972821A55437005F173C /* Main.storyboard */,
				B77C972B21A55438005F173C /* Assets.xcassets */,
				B77C972D21A55438005F173C /* LaunchScreen.storyboard */,
				B77C973021A55438005F173C /* Info.plist */,
				B77C973121A55438005F173C /* main.m */,
			);
			path = Phuot63;
			sourceTree = "<group>";
		};
/* End PBXGroup section */

/* Begin PBXNativeTarget section */
		B77C971E21A55437005F173C /* Phuot63 */ = {
			isa = PBXNativeTarget;
			buildConfigurationList = B77C973521A55438005F173C /* Build configuration list for PBXNativeTarget "Phuot63" */;
			buildPhases = (
				B77C971B21A55437005F173C /* Sources */,
				B77C971C21A55437005F173C /* Frameworks */,
				B77C971D21A55437005F173C /* Resources */,
			);
			buildRules = (
			);
			dependencies = (
			);
			name = Phuot63;
			productName = Phuot63;
			productReference = B77C971F21A55437005F173C /* Phuot63.app */;
			productType = "com.apple.product-type.application";
		};
/* End PBXNativeTarget section */

/* Begin PBXProject section */
		B77C971721A55437005F173C /* Project object */ = {
			isa = PBXProject;
			attributes = {
				LastUpgradeCheck = 1010;
				ORGANIZATIONNAME = "Le Hoang Vu";
				TargetAttributes = {
					B77C971E21A55437005F173C = {
						CreatedOnToolsVersion = 10.1;
					};
				};
			};
			buildConfigurationList = B77C971A21A55437005F173C /* Build configuration list for PBXProject "Phuot63" */;
			compatibilityVersion = "Xcode 9.3";
			developmentRegion = en;
			hasScannedForEncodings = 0;
			knownRegions = (
				en,
				Base,
			);
			mainGroup = B77C971621A55437005F173C;
			productRefGroup = B77C972021A55437005F173C /* Products */;
			projectDirPath = "";
			projectRoot = "";
			targets = (
				B77C971E21A55437005F173C /* Phuot63 */,
			);
		};
/* End PBXProject section */

/* Begin PBXResourcesBuildPhase section */
		B77C971D21A55437005F173C /* Resources */ = {
			isa = PBXResourcesBuildPhase;
			buildActionMask = 2147483647;
			files = (
				B77C972F21A55438005F173C /* LaunchScreen.storyboard in Resources */,
				B77C972C21A55438005F173C /* Assets.xcassets in Resources */,
				B77C972A21A55437005F173C /* Main.storyboard in Resources */,
			);
			runOnlyForDeploymentPostprocessing = 0;
		};
/* End PBXResourcesBuildPhase section */

/* Begin PBXSourcesBuildPhase section */
		B77C971B21A55437005F173C /* Sources */ = {
			isa = PBXSourcesBuildPhase;
			buildActionMask = 2147483647;
			files = (
				B71CF48721AC704E007E87F1 /* P63ManagePlaceViewController.m in Sources */,
				B77C972721A55437005F173C /* P63NewsfeedViewController.m in Sources */,
				B75ED23321AAA2260037B1E6 /* P63SampleDataPool.m in Sources */,
				B71CF48A21AC7FF1007E87F1 /* P63PlaceCell.m in Sources */,
				B756166A21AC41CB005E7BFF /* P63ManageScheduleViewController.m in Sources */,
				B71CF48421AC6E75007E87F1 /* P63Place.m in Sources */,
				B756166721AC3FB7005E7BFF /* P63CreateScheduleNavigationViewController.m in Sources */,
				B77C973D21A55B30005F173C /* P63TabBarController.m in Sources */,
				B756165621ABB3B6005E7BFF /* P63CreateScheduleViewController.m in Sources */,
				B75ED23621AAAA5F0037B1E6 /* P63NewsfeedCell.m in Sources */,
				B77C973221A55438005F173C /* main.m in Sources */,
				B71CF48121AC6441007E87F1 /* P63ScheduleCell.m in Sources */,
				B756165921ABBA64005E7BFF /* P63CreateScheduleCell.m in Sources */,
				B75ED23021AA9DA80037B1E6 /* P63Newsfeed.m in Sources */,
				B756166421AC2023005E7BFF /* P63CreateScheduleNotificationViewController.m in Sources */,
				B756165F21AC110E005E7BFF /* P63UserInfo.m in Sources */,
				B756165C21AC0783005E7BFF /* P63Schedule.m in Sources */,
				B77C972421A55437005F173C /* AppDelegate.m in Sources */,
			);
			runOnlyForDeploymentPostprocessing = 0;
		};
/* End PBXSourcesBuildPhase section */

/* Begin PBXVariantGroup section */
		B77C972821A55437005F173C /* Main.storyboard */ = {
			isa = PBXVariantGroup;
			children = (
				B77C972921A55437005F173C /* Base */,
			);
			name = Main.storyboard;
			sourceTree = "<group>";
		};
		B77C972D21A55438005F173C /* LaunchScreen.storyboard */ = {
			isa = PBXVariantGroup;
			children = (
				B77C972E21A55438005F173C /* Base */,
			);
			name = LaunchScreen.storyboard;
			sourceTree = "<group>";
		};
/* End PBXVariantGroup section */

/* Begin XCBuildConfiguration section */
		B77C973321A55438005F173C /* Debug */ = {
			isa = XCBuildConfiguration;
			buildSettings = {
				ALWAYS_SEARCH_USER_PATHS = NO;
				CLANG_ANALYZER_NONNULL = YES;
				CLANG_ANALYZER_NUMBER_OBJECT_CONVERSION = YES_AGGRESSIVE;
				CLANG_CXX_LANGUAGE_STANDARD = "gnu++14";
				CLANG_CXX_LIBRARY = "libc++";
				CLANG_ENABLE_MODULES = YES;
				CLANG_ENABLE_OBJC_ARC = YES;
				CLANG_ENABLE_OBJC_WEAK = YES;
				CLANG_WARN_BLOCK_CAPTURE_AUTORELEASING = YES;
				CLANG_WARN_BOOL_CONVERSION = YES;
				CLANG_WARN_COMMA = YES;
				CLANG_WARN_CONSTANT_CONVERSION = YES;
				CLANG_WARN_DEPRECATED_OBJC_IMPLEMENTATIONS = YES;
				CLANG_WARN_DIRECT_OBJC_ISA_USAGE = YES_ERROR;
				CLANG_WARN_DOCUMENTATION_COMMENTS = YES;
				CLANG_WARN_EMPTY_BODY = YES;
				CLANG_WARN_ENUM_CONVERSION = YES;
				CLANG_WARN_INFINITE_RECURSION = YES;
				CLANG_WARN_INT_CONVERSION = YES;
				CLANG_WARN_NON_LITERAL_NULL_CONVERSION = YES;
				CLANG_WARN_OBJC_IMPLICIT_RETAIN_SELF = YES;
				CLANG_WARN_OBJC_LITERAL_CONVERSION = YES;
				CLANG_WARN_OBJC_ROOT_CLASS = YES_ERROR;
				CLANG_WARN_RANGE_LOOP_ANALYSIS = YES;
				CLANG_WARN_STRICT_PROTOTYPES = YES;
				CLANG_WARN_SUSPICIOUS_MOVE = YES;
				CLANG_WARN_UNGUARDED_AVAILABILITY = YES_AGGRESSIVE;
				CLANG_WARN_UNREACHABLE_CODE = YES;
				CLANG_WARN__DUPLICATE_METHOD_MATCH = YES;
				CODE_SIGN_IDENTITY = "iPhone Developer";
				COPY_PHASE_STRIP = NO;
				DEBUG_INFORMATION_FORMAT = dwarf;
				ENABLE_STRICT_OBJC_MSGSEND = YES;
				ENABLE_TESTABILITY = YES;
				GCC_C_LANGUAGE_STANDARD = gnu11;
				GCC_DYNAMIC_NO_PIC = NO;
				GCC_NO_COMMON_BLOCKS = YES;
				GCC_OPTIMIZATION_LEVEL = 0;
				GCC_PREPROCESSOR_DEFINITIONS = (
					"DEBUG=1",
					"$(inherited)",
				);
				GCC_WARN_64_TO_32_BIT_CONVERSION = YES;
				GCC_WARN_ABOUT_RETURN_TYPE = YES_ERROR;
				GCC_WARN_UNDECLARED_SELECTOR = YES;
				GCC_WARN_UNINITIALIZED_AUTOS = YES_AGGRESSIVE;
				GCC_WARN_UNUSED_FUNCTION = YES;
				GCC_WARN_UNUSED_VARIABLE = YES;
				IPHONEOS_DEPLOYMENT_TARGET = 12.1;
				MTL_ENABLE_DEBUG_INFO = INCLUDE_SOURCE;
				MTL_FAST_MATH = YES;
				ONLY_ACTIVE_ARCH = YES;
				SDKROOT = iphoneos;
			};
			name = Debug;
		};
		B77C973421A55438005F173C /* Release */ = {
			isa = XCBuildConfiguration;
			buildSettings = {
				ALWAYS_SEARCH_USER_PATHS = NO;
				CLANG_ANALYZER_NONNULL = YES;
				CLANG_ANALYZER_NUMBER_OBJECT_CONVERSION = YES_AGGRESSIVE;
				CLANG_CXX_LANGUAGE_STANDARD = "gnu++14";
				CLANG_CXX_LIBRARY = "libc++";
				CLANG_ENABLE_MODULES = YES;
				CLANG_ENABLE_OBJC_ARC = YES;
				CLANG_ENABLE_OBJC_WEAK = YES;
				CLANG_WARN_BLOCK_CAPTURE_AUTORELEASING = YES;
				CLANG_WARN_BOOL_CONVERSION = YES;
				CLANG_WARN_COMMA = YES;
				CLANG_WARN_CONSTANT_CONVERSION = YES;
				CLANG_WARN_DEPRECATED_OBJC_IMPLEMENTATIONS = YES;
				CLANG_WARN_DIRECT_OBJC_ISA_USAGE = YES_ERROR;
				CLANG_WARN_DOCUMENTATION_COMMENTS = YES;
				CLANG_WARN_EMPTY_BODY = YES;
				CLANG_WARN_ENUM_CONVERSION = YES;
				CLANG_WARN_INFINITE_RECURSION = YES;
				CLANG_WARN_INT_CONVERSION = YES;
				CLANG_WARN_NON_LITERAL_NULL_CONVERSION = YES;
				CLANG_WARN_OBJC_IMPLICIT_RETAIN_SELF = YES;
				CLANG_WARN_OBJC_LITERAL_CONVERSION = YES;
				CLANG_WARN_OBJC_ROOT_CLASS = YES_ERROR;
				CLANG_WARN_RANGE_LOOP_ANALYSIS = YES;
				CLANG_WARN_STRICT_PROTOTYPES = YES;
				CLANG_WARN_SUSPICIOUS_MOVE = YES;
				CLANG_WARN_UNGUARDED_AVAILABILITY = YES_AGGRESSIVE;
				CLANG_WARN_UNREACHABLE_CODE = YES;
				CLANG_WARN__DUPLICATE_METHOD_MATCH = YES;
				CODE_SIGN_IDENTITY = "iPhone Developer";
				COPY_PHASE_STRIP = NO;
				DEBUG_INFORMATION_FORMAT = "dwarf-with-dsym";
				ENABLE_NS_ASSERTIONS = NO;
				ENABLE_STRICT_OBJC_MSGSEND = YES;
				GCC_C_LANGUAGE_STANDARD = gnu11;
				GCC_NO_COMMON_BLOCKS = YES;
				GCC_WARN_64_TO_32_BIT_CONVERSION = YES;
				GCC_WARN_ABOUT_RETURN_TYPE = YES_ERROR;
				GCC_WARN_UNDECLARED_SELECTOR = YES;
				GCC_WARN_UNINITIALIZED_AUTOS = YES_AGGRESSIVE;
				GCC_WARN_UNUSED_FUNCTION = YES;
				GCC_WARN_UNUSED_VARIABLE = YES;
				IPHONEOS_DEPLOYMENT_TARGET = 12.1;
				MTL_ENABLE_DEBUG_INFO = NO;
				MTL_FAST_MATH = YES;
				SDKROOT = iphoneos;
				VALIDATE_PRODUCT = YES;
			};
			name = Release;
		};
		B77C973621A55438005F173C /* Debug */ = {
			isa = XCBuildConfiguration;
			buildSettings = {
				ASSETCATALOG_COMPILER_APPICON_NAME = AppIcon;
				CODE_SIGN_STYLE = Automatic;
				DEVELOPMENT_TEAM = WDZJX7VYT8;
				INFOPLIST_FILE = Phuot63/Info.plist;
				LD_RUNPATH_SEARCH_PATHS = (
					"$(inherited)",
					"@executable_path/Frameworks",
				);
				PRODUCT_BUNDLE_IDENTIFIER = com.HoangVu.Phuot63;
				PRODUCT_NAME = "$(TARGET_NAME)";
				TARGETED_DEVICE_FAMILY = "1,2";
			};
			name = Debug;
		};
		B77C973721A55438005F173C /* Release */ = {
			isa = XCBuildConfiguration;
			buildSettings = {
				ASSETCATALOG_COMPILER_APPICON_NAME = AppIcon;
				CODE_SIGN_STYLE = Automatic;
				DEVELOPMENT_TEAM = WDZJX7VYT8;
				INFOPLIST_FILE = Phuot63/Info.plist;
				LD_RUNPATH_SEARCH_PATHS = (
					"$(inherited)",
					"@executable_path/Frameworks",
				);
				PRODUCT_BUNDLE_IDENTIFIER = com.HoangVu.Phuot63;
				PRODUCT_NAME = "$(TARGET_NAME)";
				TARGETED_DEVICE_FAMILY = "1,2";
			};
			name = Release;
		};
/* End XCBuildConfiguration section */

/* Begin XCConfigurationList section */
		B77C971A21A55437005F173C /* Build configuration list for PBXProject "Phuot63" */ = {
			isa = XCConfigurationList;
			buildConfigurations = (
				B77C973321A55438005F173C /* Debug */,
				B77C973421A55438005F173C /* Release */,
			);
			defaultConfigurationIsVisible = 0;
			defaultConfigurationName = Release;
		};
		B77C973521A55438005F173C /* Build configuration list for PBXNativeTarget "Phuot63" */ = {
			isa = XCConfigurationList;
			buildConfigurations = (
				B77C973621A55438005F173C /* Debug */,
				B77C973721A55438005F173C /* Release */,
			);
			defaultConfigurationIsVisible = 0;
			defaultConfigurationName = Release;
		};
/* End XCConfigurationList section */
	};
	rootObject = B77C971721A55437005F173C /* Project object */;
}
